// !$*UTF8*$!
{
	archiveVersion = 1;
	classes = {
	};
	objectVersion = 50;
	objects = {

/* Begin PBXBuildFile section */
		2C74A9F826B222A400F7A837 /* AppDelegate.swift in Sources */ = {isa = PBXBuildFile; fileRef = 2C74A9F726B222A400F7A837 /* AppDelegate.swift */; };
		2C74A9FA26B222A400F7A837 /* SceneDelegate.swift in Sources */ = {isa = PBXBuildFile; fileRef = 2C74A9F926B222A400F7A837 /* SceneDelegate.swift */; };
		2C74A9FC26B222A400F7A837 /* ViewController.swift in Sources */ = {isa = PBXBuildFile; fileRef = 2C74A9FB26B222A400F7A837 /* ViewController.swift */; };
		2C74A9FF26B222A400F7A837 /* Main.storyboard in Resources */ = {isa = PBXBuildFile; fileRef = 2C74A9FD26B222A400F7A837 /* Main.storyboard */; };
		2C74AA0226B222A400F7A837 /* miniProjectOne_2_.xcdatamodeld in Sources */ = {isa = PBXBuildFile; fileRef = 2C74AA0026B222A400F7A837 /* miniProjectOne_2_.xcdatamodeld */; };
		2C74AA0426B222A700F7A837 /* Assets.xcassets in Resources */ = {isa = PBXBuildFile; fileRef = 2C74AA0326B222A700F7A837 /* Assets.xcassets */; };
		2C74AA0726B222A700F7A837 /* LaunchScreen.storyboard in Resources */ = {isa = PBXBuildFile; fileRef = 2C74AA0526B222A700F7A837 /* LaunchScreen.storyboard */; };
		2C74AA1226B222A700F7A837 /* miniProjectOne_2_Tests.swift in Sources */ = {isa = PBXBuildFile; fileRef = 2C74AA1126B222A700F7A837 /* miniProjectOne_2_Tests.swift */; };
		2C74AA1D26B222A700F7A837 /* miniProjectOne_2_UITests.swift in Sources */ = {isa = PBXBuildFile; fileRef = 2C74AA1C26B222A700F7A837 /* miniProjectOne_2_UITests.swift */; };
/* End PBXBuildFile section */

/* Begin PBXContainerItemProxy section */
		2C74AA0E26B222A700F7A837 /* PBXContainerItemProxy */ = {
			isa = PBXContainerItemProxy;
			containerPortal = 2C74A9EC26B222A400F7A837 /* Project object */;
			proxyType = 1;
			remoteGlobalIDString = 2C74A9F326B222A400F7A837;
			remoteInfo = "miniProjectOne(2)";
		};
		2C74AA1926B222A700F7A837 /* PBXContainerItemProxy */ = {
			isa = PBXContainerItemProxy;
			containerPortal = 2C74A9EC26B222A400F7A837 /* Project object */;
			proxyType = 1;
			remoteGlobalIDString = 2C74A9F326B222A400F7A837;
			remoteInfo = "miniProjectOne(2)";
		};
/* End PBXContainerItemProxy section */

/* Begin PBXFileReference section */
		2C74A9F426B222A400F7A837 /* miniProjectOne(2).app */ = {isa = PBXFileReference; explicitFileType = wrapper.application; includeInIndex = 0; path = "miniProjectOne(2).app"; sourceTree = BUILT_PRODUCTS_DIR; };
		2C74A9F726B222A400F7A837 /* AppDelegate.swift */ = {isa = PBXFileReference; lastKnownFileType = sourcecode.swift; path = AppDelegate.swift; sourceTree = "<group>"; };
		2C74A9F926B222A400F7A837 /* SceneDelegate.swift */ = {isa = PBXFileReference; lastKnownFileType = sourcecode.swift; path = SceneDelegate.swift; sourceTree = "<group>"; };
		2C74A9FB26B222A400F7A837 /* ViewController.swift */ = {isa = PBXFileReference; lastKnownFileType = sourcecode.swift; path = ViewController.swift; sourceTree = "<group>"; };
		2C74A9FE26B222A400F7A837 /* Base */ = {isa = PBXFileReference; lastKnownFileType = file.storyboard; name = Base; path = Base.lproj/Main.storyboard; sourceTree = "<group>"; };
		2C74AA0126B222A400F7A837 /* miniProjectOne_2_.xcdatamodel */ = {isa = PBXFileReference; lastKnownFileType = wrapper.xcdatamodel; path = miniProjectOne_2_.xcdatamodel; sourceTree = "<group>"; };
		2C74AA0326B222A700F7A837 /* Assets.xcassets */ = {isa = PBXFileReference; lastKnownFileType = folder.assetcatalog; path = Assets.xcassets; sourceTree = "<group>"; };
		2C74AA0626B222A700F7A837 /* Base */ = {isa = PBXFileReference; lastKnownFileType = file.storyboard; name = Base; path = Base.lproj/LaunchScreen.storyboard; sourceTree = "<group>"; };
		2C74AA0826B222A700F7A837 /* Info.plist */ = {isa = PBXFileReference; lastKnownFileType = text.plist.xml; path = Info.plist; sourceTree = "<group>"; };
		2C74AA0D26B222A700F7A837 /* miniProjectOne(2)Tests.xctest */ = {isa = PBXFileReference; explicitFileType = wrapper.cfbundle; includeInIndex = 0; path = "miniProjectOne(2)Tests.xctest"; sourceTree = BUILT_PRODUCTS_DIR; };
		2C74AA1126B222A700F7A837 /* miniProjectOne_2_Tests.swift */ = {isa = PBXFileReference; lastKnownFileType = sourcecode.swift; path = miniProjectOne_2_Tests.swift; sourceTree = "<group>"; };
		2C74AA1326B222A700F7A837 /* Info.plist */ = {isa = PBXFileReference; lastKnownFileType = text.plist.xml; path = Info.plist; sourceTree = "<group>"; };
		2C74AA1826B222A700F7A837 /* miniProjectOne(2)UITests.xctest */ = {isa = PBXFileReference; explicitFileType = wrapper.cfbundle; includeInIndex = 0; path = "miniProjectOne(2)UITests.xctest"; sourceTree = BUILT_PRODUCTS_DIR; };
		2C74AA1C26B222A700F7A837 /* miniProjectOne_2_UITests.swift */ = {isa = PBXFileReference; lastKnownFileType = sourcecode.swift; path = miniProjectOne_2_UITests.swift; sourceTree = "<group>"; };
		2C74AA1E26B222A700F7A837 /* Info.plist */ = {isa = PBXFileReference; lastKnownFileType = text.plist.xml; path = Info.plist; sourceTree = "<group>"; };
/* End PBXFileReference section */

/* Begin PBXFrameworksBuildPhase section */
		2C74A9F126B222A400F7A837 /* Frameworks */ = {
			isa = PBXFrameworksBuildPhase;
			buildActionMask = 2147483647;
			files = (
			);
			runOnlyForDeploymentPostprocessing = 0;
		};
		2C74AA0A26B222A700F7A837 /* Frameworks */ = {
			isa = PBXFrameworksBuildPhase;
			buildActionMask = 2147483647;
			files = (
			);
			runOnlyForDeploymentPostprocessing = 0;
		};
		2C74AA1526B222A700F7A837 /* Frameworks */ = {
			isa = PBXFrameworksBuildPhase;
			buildActionMask = 2147483647;
			files = (
			);
			runOnlyForDeploymentPostprocessing = 0;
		};
/* End PBXFrameworksBuildPhase section */

/* Begin PBXGroup section */
		2C74A9EB26B222A400F7A837 = {
			isa = PBXGroup;
			children = (
				2C74A9F626B222A400F7A837 /* miniProjectOne(2) */,
				2C74AA1026B222A700F7A837 /* miniProjectOne(2)Tests */,
				2C74AA1B26B222A700F7A837 /* miniProjectOne(2)UITests */,
				2C74A9F526B222A400F7A837 /* Products */,
			);
			sourceTree = "<group>";
		};
		2C74A9F526B222A400F7A837 /* Products */ = {
			isa = PBXGroup;
			children = (
				2C74A9F426B222A400F7A837 /* miniProjectOne(2).app */,
				2C74AA0D26B222A700F7A837 /* miniProjectOne(2)Tests.xctest */,
				2C74AA1826B222A700F7A837 /* miniProjectOne(2)UITests.xctest */,
			);
			name = Products;
			sourceTree = "<group>";
		};
		2C74A9F626B222A400F7A837 /* miniProjectOne(2) */ = {
			isa = PBXGroup;
			children = (
				2C74A9F726B222A400F7A837 /* AppDelegate.swift */,
				2C74A9F926B222A400F7A837 /* SceneDelegate.swift */,
				2C74A9FB26B222A400F7A837 /* ViewController.swift */,
				2C74A9FD26B222A400F7A837 /* Main.storyboard */,
				2C74AA0326B222A700F7A837 /* Assets.xcassets */,
				2C74AA0526B222A700F7A837 /* LaunchScreen.storyboard */,
				2C74AA0826B222A700F7A837 /* Info.plist */,
				2C74AA0026B222A400F7A837 /* miniProjectOne_2_.xcdatamodeld */,
			);
			path = "miniProjectOne(2)";
			sourceTree = "<group>";
		};
		2C74AA1026B222A700F7A837 /* miniProjectOne(2)Tests */ = {
			isa = PBXGroup;
			children = (
				2C74AA1126B222A700F7A837 /* miniProjectOne_2_Tests.swift */,
				2C74AA1326B222A700F7A837 /* Info.plist */,
			);
			path = "miniProjectOne(2)Tests";
			sourceTree = "<group>";
		};
		2C74AA1B26B222A700F7A837 /* miniProjectOne(2)UITests */ = {
			isa = PBXGroup;
			children = (
				2C74AA1C26B222A700F7A837 /* miniProjectOne_2_UITests.swift */,
				2C74AA1E26B222A700F7A837 /* Info.plist */,
			);
			path = "miniProjectOne(2)UITests";
			sourceTree = "<group>";
		};
/* End PBXGroup section */

/* Begin PBXNativeTarget section */
		2C74A9F326B222A400F7A837 /* miniProjectOne(2) */ = {
			isa = PBXNativeTarget;
			buildConfigurationList = 2C74AA2126B222A700F7A837 /* Build configuration list for PBXNativeTarget "miniProjectOne(2)" */;
			buildPhases = (
				2C74A9F026B222A400F7A837 /* Sources */,
				2C74A9F126B222A400F7A837 /* Frameworks */,
				2C74A9F226B222A400F7A837 /* Resources */,
			);
			buildRules = (
			);
			dependencies = (
			);
			name = "miniProjectOne(2)";
			productName = "miniProjectOne(2)";
			productReference = 2C74A9F426B222A400F7A837 /* miniProjectOne(2).app */;
			productType = "com.apple.product-type.application";
		};
		2C74AA0C26B222A700F7A837 /* miniProjectOne(2)Tests */ = {
			isa = PBXNativeTarget;
			buildConfigurationList = 2C74AA2426B222A700F7A837 /* Build configuration list for PBXNativeTarget "miniProjectOne(2)Tests" */;
			buildPhases = (
				2C74AA0926B222A700F7A837 /* Sources */,
				2C74AA0A26B222A700F7A837 /* Frameworks */,
				2C74AA0B26B222A700F7A837 /* Resources */,
			);
			buildRules = (
			);
			dependencies = (
				2C74AA0F26B222A700F7A837 /* PBXTargetDependency */,
			);
			name = "miniProjectOne(2)Tests";
			productName = "miniProjectOne(2)Tests";
			productReference = 2C74AA0D26B222A700F7A837 /* miniProjectOne(2)Tests.xctest */;
			productType = "com.apple.product-type.bundle.unit-test";
		};
		2C74AA1726B222A700F7A837 /* miniProjectOne(2)UITests */ = {
			isa = PBXNativeTarget;
			buildConfigurationList = 2C74AA2726B222A700F7A837 /* Build configuration list for PBXNativeTarget "miniProjectOne(2)UITests" */;
			buildPhases = (
				2C74AA1426B222A700F7A837 /* Sources */,
				2C74AA1526B222A700F7A837 /* Frameworks */,
				2C74AA1626B222A700F7A837 /* Resources */,
			);
			buildRules = (
			);
			dependencies = (
				2C74AA1A26B222A700F7A837 /* PBXTargetDependency */,
			);
			name = "miniProjectOne(2)UITests";
			productName = "miniProjectOne(2)UITests";
			productReference = 2C74AA1826B222A700F7A837 /* miniProjectOne(2)UITests.xctest */;
			productType = "com.apple.product-type.bundle.ui-testing";
		};
/* End PBXNativeTarget section */

/* Begin PBXProject section */
		2C74A9EC26B222A400F7A837 /* Project object */ = {
			isa = PBXProject;
			attributes = {
				LastSwiftUpdateCheck = 1250;
				LastUpgradeCheck = 1250;
				TargetAttributes = {
					2C74A9F326B222A400F7A837 = {
						CreatedOnToolsVersion = 12.5.1;
					};
					2C74AA0C26B222A700F7A837 = {
						CreatedOnToolsVersion = 12.5.1;
						TestTargetID = 2C74A9F326B222A400F7A837;
					};
					2C74AA1726B222A700F7A837 = {
						CreatedOnToolsVersion = 12.5.1;
						TestTargetID = 2C74A9F326B222A400F7A837;
					};
				};
			};
			buildConfigurationList = 2C74A9EF26B222A400F7A837 /* Build configuration list for PBXProject "miniProjectOne(2)" */;
			compatibilityVersion = "Xcode 9.3";
			developmentRegion = en;
			hasScannedForEncodings = 0;
			knownRegions = (
				en,
				Base,
			);
			mainGroup = 2C74A9EB26B222A400F7A837;
			productRefGroup = 2C74A9F526B222A400F7A837 /* Products */;
			projectDirPath = "";
			projectRoot = "";
			targets = (
				2C74A9F326B222A400F7A837 /* miniProjectOne(2) */,
				2C74AA0C26B222A700F7A837 /* miniProjectOne(2)Tests */,
				2C74AA1726B222A700F7A837 /* miniProjectOne(2)UITests */,
			);
		};
/* End PBXProject section */

/* Begin PBXResourcesBuildPhase section */
		2C74A9F226B222A400F7A837 /* Resources */ = {
			isa = PBXResourcesBuildPhase;
			buildActionMask = 2147483647;
			files = (
				2C74AA0726B222A700F7A837 /* LaunchScreen.storyboard in Resources */,
				2C74AA0426B222A700F7A837 /* Assets.xcassets in Resources */,
				2C74A9FF26B222A400F7A837 /* Main.storyboard in Resources */,
			);
			runOnlyForDeploymentPostprocessing = 0;
		};
		2C74AA0B26B222A700F7A837 /* Resources */ = {
			isa = PBXResourcesBuildPhase;
			buildActionMask = 2147483647;
			files = (
			);
			runOnlyForDeploymentPostprocessing = 0;
		};
		2C74AA1626B222A700F7A837 /* Resources */ = {
			isa = PBXResourcesBuildPhase;
			buildActionMask = 2147483647;
			files = (
			);
			runOnlyForDeploymentPostprocessing = 0;
		};
/* End PBXResourcesBuildPhase section */

/* Begin PBXSourcesBuildPhase section */
		2C74A9F026B222A400F7A837 /* Sources */ = {
			isa = PBXSourcesBuildPhase;
			buildActionMask = 2147483647;
			files = (
				2C74AA0226B222A400F7A837 /* miniProjectOne_2_.xcdatamodeld in Sources */,
				2C74A9FC26B222A400F7A837 /* ViewController.swift in Sources */,
				2C74A9F826B222A400F7A837 /* AppDelegate.swift in Sources */,
				2C74A9FA26B222A400F7A837 /* SceneDelegate.swift in Sources */,
			);
			runOnlyForDeploymentPostprocessing = 0;
		};
		2C74AA0926B222A700F7A837 /* Sources */ = {
			isa = PBXSourcesBuildPhase;
			buildActionMask = 2147483647;
			files = (
				2C74AA1226B222A700F7A837 /* miniProjectOne_2_Tests.swift in Sources */,
			);
			runOnlyForDeploymentPostprocessing = 0;
		};
		2C74AA1426B222A700F7A837 /* Sources */ = {
			isa = PBXSourcesBuildPhase;
			buildActionMask = 2147483647;
			files = (
				2C74AA1D26B222A700F7A837 /* miniProjectOne_2_UITests.swift in Sources */,
			);
			runOnlyForDeploymentPostprocessing = 0;
		};
/* End PBXSourcesBuildPhase section */

/* Begin PBXTargetDependency section */
		2C74AA0F26B222A700F7A837 /* PBXTargetDependency */ = {
			isa = PBXTargetDependency;
			target = 2C74A9F326B222A400F7A837 /* miniProjectOne(2) */;
			targetProxy = 2C74AA0E26B222A700F7A837 /* PBXContainerItemProxy */;
		};
		2C74AA1A26B222A700F7A837 /* PBXTargetDependency */ = {
			isa = PBXTargetDependency;
			target = 2C74A9F326B222A400F7A837 /* miniProjectOne(2) */;
			targetProxy = 2C74AA1926B222A700F7A837 /* PBXContainerItemProxy */;
		};
/* End PBXTargetDependency section */

/* Begin PBXVariantGroup section */
		2C74A9FD26B222A400F7A837 /* Main.storyboard */ = {
			isa = PBXVariantGroup;
			children = (
				2C74A9FE26B222A400F7A837 /* Base */,
			);
			name = Main.storyboard;
			sourceTree = "<group>";
		};
		2C74AA0526B222A700F7A837 /* LaunchScreen.storyboard */ = {
			isa = PBXVariantGroup;
			children = (
				2C74AA0626B222A700F7A837 /* Base */,
			);
			name = LaunchScreen.storyboard;
			sourceTree = "<group>";
		};
/* End PBXVariantGroup section */

/* Begin XCBuildConfiguration section */
		2C74AA1F26B222A700F7A837 /* Debug */ = {
			isa = XCBuildConfiguration;
			buildSettings = {
				ALWAYS_SEARCH_USER_PATHS = NO;
				CLANG_ANALYZER_NONNULL = YES;
				CLANG_ANALYZER_NUMBER_OBJECT_CONVERSION = YES_AGGRESSIVE;
				CLANG_CXX_LANGUAGE_STANDARD = "gnu++14";
				CLANG_CXX_LIBRARY = "libc++";
				CLANG_ENABLE_MODULES = YES;
				CLANG_ENABLE_OBJC_ARC = YES;
				CLANG_ENABLE_OBJC_WEAK = YES;
				CLANG_WARN_BLOCK_CAPTURE_AUTORELEASING = YES;
				CLANG_WARN_BOOL_CONVERSION = YES;
				CLANG_WARN_COMMA = YES;
				CLANG_WARN_CONSTANT_CONVERSION = YES;
				CLANG_WARN_DEPRECATED_OBJC_IMPLEMENTATIONS = YES;
				CLANG_WARN_DIRECT_OBJC_ISA_USAGE = YES_ERROR;
				CLANG_WARN_DOCUMENTATION_COMMENTS = YES;
				CLANG_WARN_EMPTY_BODY = YES;
				CLANG_WARN_ENUM_CONVERSION = YES;
				CLANG_WARN_INFINITE_RECURSION = YES;
				CLANG_WARN_INT_CONVERSION = YES;
				CLANG_WARN_NON_LITERAL_NULL_CONVERSION = YES;
				CLANG_WARN_OBJC_IMPLICIT_RETAIN_SELF = YES;
				CLANG_WARN_OBJC_LITERAL_CONVERSION = YES;
				CLANG_WARN_OBJC_ROOT_CLASS = YES_ERROR;
				CLANG_WARN_QUOTED_INCLUDE_IN_FRAMEWORK_HEADER = YES;
				CLANG_WARN_RANGE_LOOP_ANALYSIS = YES;
				CLANG_WARN_STRICT_PROTOTYPES = YES;
				CLANG_WARN_SUSPICIOUS_MOVE = YES;
				CLANG_WARN_UNGUARDED_AVAILABILITY = YES_AGGRESSIVE;
				CLANG_WARN_UNREACHABLE_CODE = YES;
				CLANG_WARN__DUPLICATE_METHOD_MATCH = YES;
				COPY_PHASE_STRIP = NO;
				DEBUG_INFORMATION_FORMAT = dwarf;
				ENABLE_STRICT_OBJC_MSGSEND = YES;
				ENABLE_TESTABILITY = YES;
				GCC_C_LANGUAGE_STANDARD = gnu11;
				GCC_DYNAMIC_NO_PIC = NO;
				GCC_NO_COMMON_BLOCKS = YES;
				GCC_OPTIMIZATION_LEVEL = 0;
				GCC_PREPROCESSOR_DEFINITIONS = (
					"DEBUG=1",
					"$(inherited)",
				);
				GCC_WARN_64_TO_32_BIT_CONVERSION = YES;
				GCC_WARN_ABOUT_RETURN_TYPE = YES_ERROR;
				GCC_WARN_UNDECLARED_SELECTOR = YES;
				GCC_WARN_UNINITIALIZED_AUTOS = YES_AGGRESSIVE;
				GCC_WARN_UNUSED_FUNCTION = YES;
				GCC_WARN_UNUSED_VARIABLE = YES;
				IPHONEOS_DEPLOYMENT_TARGET = 14.5;
				MTL_ENABLE_DEBUG_INFO = INCLUDE_SOURCE;
				MTL_FAST_MATH = YES;
				ONLY_ACTIVE_ARCH = YES;
				SDKROOT = iphoneos;
				SWIFT_ACTIVE_COMPILATION_CONDITIONS = DEBUG;
				SWIFT_OPTIMIZATION_LEVEL = "-Onone";
			};
			name = Debug;
		};
		2C74AA2026B222A700F7A837 /* Release */ = {
			isa = XCBuildConfiguration;
			buildSettings = {
				ALWAYS_SEARCH_USER_PATHS = NO;
				CLANG_ANALYZER_NONNULL = YES;
				CLANG_ANALYZER_NUMBER_OBJECT_CONVERSION = YES_AGGRESSIVE;
				CLANG_CXX_LANGUAGE_STANDARD = "gnu++14";
				CLANG_CXX_LIBRARY = "libc++";
				CLANG_ENABLE_MODULES = YES;
				CLANG_ENABLE_OBJC_ARC = YES;
				CLANG_ENABLE_OBJC_WEAK = YES;
				CLANG_WARN_BLOCK_CAPTURE_AUTORELEASING = YES;
				CLANG_WARN_BOOL_CONVERSION = YES;
				CLANG_WARN_COMMA = YES;
				CLANG_WARN_CONSTANT_CONVERSION = YES;
				CLANG_WARN_DEPRECATED_OBJC_IMPLEMENTATIONS = YES;
				CLANG_WARN_DIRECT_OBJC_ISA_USAGE = YES_ERROR;
				CLANG_WARN_DOCUMENTATION_COMMENTS = YES;
				CLANG_WARN_EMPTY_BODY = YES;
				CLANG_WARN_ENUM_CONVERSION = YES;
				CLANG_WARN_INFINITE_RECURSION = YES;
				CLANG_WARN_INT_CONVERSION = YES;
				CLANG_WARN_NON_LITERAL_NULL_CONVERSION = YES;
				CLANG_WARN_OBJC_IMPLICIT_RETAIN_SELF = YES;
				CLANG_WARN_OBJC_LITERAL_CONVERSION = YES;
				CLANG_WARN_OBJC_ROOT_CLASS = YES_ERROR;
				CLANG_WARN_QUOTED_INCLUDE_IN_FRAMEWORK_HEADER = YES;
				CLANG_WARN_RANGE_LOOP_ANALYSIS = YES;
				CLANG_WARN_STRICT_PROTOTYPES = YES;
				CLANG_WARN_SUSPICIOUS_MOVE = YES;
				CLANG_WARN_UNGUARDED_AVAILABILITY = YES_AGGRESSIVE;
				CLANG_WARN_UNREACHABLE_CODE = YES;
				CLANG_WARN__DUPLICATE_METHOD_MATCH = YES;
				COPY_PHASE_STRIP = NO;
				DEBUG_INFORMATION_FORMAT = "dwarf-with-dsym";
				ENABLE_NS_ASSERTIONS = NO;
				ENABLE_STRICT_OBJC_MSGSEND = YES;
				GCC_C_LANGUAGE_STANDARD = gnu11;
				GCC_NO_COMMON_BLOCKS = YES;
				GCC_WARN_64_TO_32_BIT_CONVERSION = YES;
				GCC_WARN_ABOUT_RETURN_TYPE = YES_ERROR;
				GCC_WARN_UNDECLARED_SELECTOR = YES;
				GCC_WARN_UNINITIALIZED_AUTOS = YES_AGGRESSIVE;
				GCC_WARN_UNUSED_FUNCTION = YES;
				GCC_WARN_UNUSED_VARIABLE = YES;
				IPHONEOS_DEPLOYMENT_TARGET = 14.5;
				MTL_ENABLE_DEBUG_INFO = NO;
				MTL_FAST_MATH = YES;
				SDKROOT = iphoneos;
				SWIFT_COMPILATION_MODE = wholemodule;
				SWIFT_OPTIMIZATION_LEVEL = "-O";
				VALIDATE_PRODUCT = YES;
			};
			name = Release;
		};
		2C74AA2226B222A700F7A837 /* Debug */ = {
			isa = XCBuildConfiguration;
			buildSettings = {
				ASSETCATALOG_COMPILER_APPICON_NAME = AppIcon;
				ASSETCATALOG_COMPILER_GLOBAL_ACCENT_COLOR_NAME = AccentColor;
				CODE_SIGN_STYLE = Automatic;
				INFOPLIST_FILE = "miniProjectOne(2)/Info.plist";
				LD_RUNPATH_SEARCH_PATHS = (
					"$(inherited)",
					"@executable_path/Frameworks",
				);
				PRODUCT_BUNDLE_IDENTIFIER = "makiPaige.miniProjectOne-2-";
				PRODUCT_NAME = "$(TARGET_NAME)";
				SWIFT_VERSION = 5.0;
				TARGETED_DEVICE_FAMILY = "1,2";
			};
			name = Debug;
		};
		2C74AA2326B222A700F7A837 /* Release */ = {
			isa = XCBuildConfiguration;
			buildSettings = {
				ASSETCATALOG_COMPILER_APPICON_NAME = AppIcon;
				ASSETCATALOG_COMPILER_GLOBAL_ACCENT_COLOR_NAME = AccentColor;
				CODE_SIGN_STYLE = Automatic;
				INFOPLIST_FILE = "miniProjectOne(2)/Info.plist";
				LD_RUNPATH_SEARCH_PATHS = (
					"$(inherited)",
					"@executable_path/Frameworks",
				);
				PRODUCT_BUNDLE_IDENTIFIER = "makiPaige.miniProjectOne-2-";
				PRODUCT_NAME = "$(TARGET_NAME)";
				SWIFT_VERSION = 5.0;
				TARGETED_DEVICE_FAMILY = "1,2";
			};
			name = Release;
		};
		2C74AA2526B222A700F7A837 /* Debug */ = {
			isa = XCBuildConfiguration;
			buildSettings = {
				ALWAYS_EMBED_SWIFT_STANDARD_LIBRARIES = YES;
				BUNDLE_LOADER = "$(TEST_HOST)";
				CODE_SIGN_STYLE = Automatic;
				INFOPLIST_FILE = "miniProjectOne(2)Tests/Info.plist";
				IPHONEOS_DEPLOYMENT_TARGET = 14.5;
				LD_RUNPATH_SEARCH_PATHS = (
					"$(inherited)",
					"@executable_path/Frameworks",
					"@loader_path/Frameworks",
				);
				PRODUCT_BUNDLE_IDENTIFIER = "makiPaige.miniProjectOne-2-Tests";
				PRODUCT_NAME = "$(TARGET_NAME)";
				SWIFT_VERSION = 5.0;
				TARGETED_DEVICE_FAMILY = "1,2";
				TEST_HOST = "$(BUILT_PRODUCTS_DIR)/miniProjectOne(2).app/miniProjectOne(2)";
			};
			name = Debug;
		};
		2C74AA2626B222A700F7A837 /* Release */ = {
			isa = XCBuildConfiguration;
			buildSettings = {
				ALWAYS_EMBED_SWIFT_STANDARD_LIBRARIES = YES;
				BUNDLE_LOADER = "$(TEST_HOST)";
				CODE_SIGN_STYLE = Automatic;
				INFOPLIST_FILE = "miniProjectOne(2)Tests/Info.plist";
				IPHONEOS_DEPLOYMENT_TARGET = 14.5;
				LD_RUNPATH_SEARCH_PATHS = (
					"$(inherited)",
					"@executable_path/Frameworks",
					"@loader_path/Frameworks",
				);
				PRODUCT_BUNDLE_IDENTIFIER = "makiPaige.miniProjectOne-2-Tests";
				PRODUCT_NAME = "$(TARGET_NAME)";
				SWIFT_VERSION = 5.0;
				TARGETED_DEVICE_FAMILY = "1,2";
				TEST_HOST = "$(BUILT_PRODUCTS_DIR)/miniProjectOne(2).app/miniProjectOne(2)";
			};
			name = Release;
		};
		2C74AA2826B222A700F7A837 /* Debug */ = {
			isa = XCBuildConfiguration;
			buildSettings = {
				ALWAYS_EMBED_SWIFT_STANDARD_LIBRARIES = YES;
				CODE_SIGN_STYLE = Automatic;
				INFOPLIST_FILE = "miniProjectOne(2)UITests/Info.plist";
				LD_RUNPATH_SEARCH_PATHS = (
					"$(inherited)",
					"@executable_path/Frameworks",
					"@loader_path/Frameworks",
				);
				PRODUCT_BUNDLE_IDENTIFIER = "makiPaige.miniProjectOne-2-UITests";
				PRODUCT_NAME = "$(TARGET_NAME)";
				SWIFT_VERSION = 5.0;
				TARGETED_DEVICE_FAMILY = "1,2";
				TEST_TARGET_NAME = "miniProjectOne(2)";
			};
			name = Debug;
		};
		2C74AA2926B222A700F7A837 /* Release */ = {
			isa = XCBuildConfiguration;
			buildSettings = {
				ALWAYS_EMBED_SWIFT_STANDARD_LIBRARIES = YES;
				CODE_SIGN_STYLE = Automatic;
				INFOPLIST_FILE = "miniProjectOne(2)UITests/Info.plist";
				LD_RUNPATH_SEARCH_PATHS = (
					"$(inherited)",
					"@executable_path/Frameworks",
					"@loader_path/Frameworks",
				);
				PRODUCT_BUNDLE_IDENTIFIER = "makiPaige.miniProjectOne-2-UITests";
				PRODUCT_NAME = "$(TARGET_NAME)";
				SWIFT_VERSION = 5.0;
				TARGETED_DEVICE_FAMILY = "1,2";
				TEST_TARGET_NAME = "miniProjectOne(2)";
			};
			name = Release;
		};
/* End XCBuildConfiguration section */

/* Begin XCConfigurationList section */
		2C74A9EF26B222A400F7A837 /* Build configuration list for PBXProject "miniProjectOne(2)" */ = {
			isa = XCConfigurationList;
			buildConfigurations = (
				2C74AA1F26B222A700F7A837 /* Debug */,
				2C74AA2026B222A700F7A837 /* Release */,
			);
			defaultConfigurationIsVisible = 0;
			defaultConfigurationName = Release;
		};
		2C74AA2126B222A700F7A837 /* Build configuration list for PBXNativeTarget "miniProjectOne(2)" */ = {
			isa = XCConfigurationList;
			buildConfigurations = (
				2C74AA2226B222A700F7A837 /* Debug */,
				2C74AA2326B222A700F7A837 /* Release */,
			);
			defaultConfigurationIsVisible = 0;
			defaultConfigurationName = Release;
		};
		2C74AA2426B222A700F7A837 /* Build configuration list for PBXNativeTarget "miniProjectOne(2)Tests" */ = {
			isa = XCConfigurationList;
			buildConfigurations = (
				2C74AA2526B222A700F7A837 /* Debug */,
				2C74AA2626B222A700F7A837 /* Release */,
			);
			defaultConfigurationIsVisible = 0;
			defaultConfigurationName = Release;
		};
		2C74AA2726B222A700F7A837 /* Build configuration list for PBXNativeTarget "miniProjectOne(2)UITests" */ = {
			isa = XCConfigurationList;
			buildConfigurations = (
				2C74AA2826B222A700F7A837 /* Debug */,
				2C74AA2926B222A700F7A837 /* Release */,
			);
			defaultConfigurationIsVisible = 0;
			defaultConfigurationName = Release;
		};
/* End XCConfigurationList section */

/* Begin XCVersionGroup section */
		2C74AA0026B222A400F7A837 /* miniProjectOne_2_.xcdatamodeld */ = {
			isa = XCVersionGroup;
			children = (
				2C74AA0126B222A400F7A837 /* miniProjectOne_2_.xcdatamodel */,
			);
			currentVersion = 2C74AA0126B222A400F7A837 /* miniProjectOne_2_.xcdatamodel */;
			path = miniProjectOne_2_.xcdatamodeld;
			sourceTree = "<group>";
			versionGroupType = wrapper.xcdatamodel;
		};
/* End XCVersionGroup section */
	};
	rootObject = 2C74A9EC26B222A400F7A837 /* Project object */;
}
